{
  "name": "css-utility",
  "version": "1.0.7",
  "lockfileVersion": 2,
  "requires": true,
  "packages": {
    "": {
      "version": "1.0.7",
      "license": "MIT",
      "dependencies": {
        "normalize.css": "^8.0.1",
        "pp-drawer.js": "^1.0.6",
        "pp-router.js": "^1.1.1"
      }
    },
    "node_modules/normalize.css": {
      "version": "8.0.1",
      "resolved": "https://registry.npmjs.org/normalize.css/-/normalize.css-8.0.1.tgz",
      "integrity": "sha512-qizSNPO93t1YUuUhP22btGOo3chcvDFqFaj2TRybP0DMxkHOCTYwp3n34fel4a31ORXy4m1Xq0Gyqpb5m33qIg=="
    },
    "node_modules/pp-drawer.js": {
      "version": "1.0.6",
      "resolved": "https://registry.npmjs.org/pp-drawer.js/-/pp-drawer.js-1.0.6.tgz",
      "integrity": "sha512-vAtxHegOVrJYGyqkz4uVsTdrn9/CODZeLZ2/Q4fWSwuLdsvb9Y9HWYIIlpV642sNEKNtOJdQzCwOtnu4XMiGqQ=="
    },
    "node_modules/pp-router.js": {
      "version": "1.1.1",
      "resolved": "https://registry.npmjs.org/pp-router.js/-/pp-router.js-1.1.1.tgz",
      "integrity": "sha512-hLU/B/gzK4iq+4FpgMMTMEvP4UuOEq5oXuk9ZiM2e1YKipW90eayoysMNY9uLjAbTh0xxbTmUSv01WiKGT11VQ=="
    }
  },
  "dependencies": {
    "normalize.css": {
      "version": "8.0.1",
      "resolved": "https://registry.npmjs.org/normalize.css/-/normalize.css-8.0.1.tgz",
      "integrity": "sha512-qizSNPO93t1YUuUhP22btGOo3chcvDFqFaj2TRybP0DMxkHOCTYwp3n34fel4a31ORXy4m1Xq0Gyqpb5m33qIg=="
    },
    "pp-drawer.js": {
      "version": "1.0.6",
      "resolved": "https://registry.npmjs.org/pp-drawer.js/-/pp-drawer.js-1.0.6.tgz",
      "integrity": "sha512-vAtxHegOVrJYGyqkz4uVsTdrn9/CODZeLZ2/Q4fWSwuLdsvb9Y9HWYIIlpV642sNEKNtOJdQzCwOtnu4XMiGqQ=="
    },
    "pp-router.js": {
      "version": "1.1.1",
      "resolved": "https://registry.npmjs.org/pp-router.js/-/pp-router.js-1.1.1.tgz",
      "integrity": "sha512-hLU/B/gzK4iq+4FpgMMTMEvP4UuOEq5oXuk9ZiM2e1YKipW90eayoysMNY9uLjAbTh0xxbTmUSv01WiKGT11VQ=="
    }
  }
}
