{
  "name": "css-utility",
  "version": "1.0.7",
  "lockfileVersion": 2,
  "requires": true,
  "packages": {
    "": {
      "version": "1.0.7",
      "license": "MIT",
      "dependencies": {
        "animate.css": "^4.1.1",
        "clipboard": "^2.0.8",
        "normalize.css": "^8.0.1",
        "pp-collection": "^1.0.0",
        "pp-drawer.js": "^1.0.6",
        "pp-elementjson.js": "^1.0.3",
        "pp-is": "^1.0.0",
        "pp-model.js": "^1.0.9",
        "pp-router.js": "^2.1.2"
      }
    },
    "node_modules/animate.css": {
      "version": "4.1.1",
      "resolved": "https://registry.npmjs.org/animate.css/-/animate.css-4.1.1.tgz",
      "integrity": "sha512-+mRmCTv6SbCmtYJCN4faJMNFVNN5EuCTTprDTAo7YzIGji2KADmakjVA3+8mVDkZ2Bf09vayB35lSQIex2+QaQ=="
    },
    "node_modules/clipboard": {
      "version": "2.0.8",
      "resolved": "https://registry.npmjs.org/clipboard/-/clipboard-2.0.8.tgz",
      "integrity": "sha512-Y6WO0unAIQp5bLmk1zdThRhgJt/x3ks6f30s3oE3H1mgIEU33XyQjEf8gsf6DxC7NPX8Y1SsNWjUjL/ywLnnbQ==",
      "dependencies": {
        "good-listener": "^1.2.2",
        "select": "^1.1.2",
        "tiny-emitter": "^2.0.0"
      }
    },
    "node_modules/delegate": {
      "version": "3.2.0",
      "resolved": "https://registry.npmjs.org/delegate/-/delegate-3.2.0.tgz",
      "integrity": "sha512-IofjkYBZaZivn0V8nnsMJGBr4jVLxHDheKSW88PyxS5QC4Vo9ZbZVvhzlSxY87fVq3STR6r+4cGepyHkcWOQSw=="
    },
    "node_modules/good-listener": {
      "version": "1.2.2",
      "resolved": "https://registry.npmjs.org/good-listener/-/good-listener-1.2.2.tgz",
      "integrity": "sha1-1TswzfkxPf+33JoNR3CWqm0UXFA=",
      "dependencies": {
        "delegate": "^3.1.2"
      }
    },
    "node_modules/normalize.css": {
      "version": "8.0.1",
      "resolved": "https://registry.npmjs.org/normalize.css/-/normalize.css-8.0.1.tgz",
      "integrity": "sha512-qizSNPO93t1YUuUhP22btGOo3chcvDFqFaj2TRybP0DMxkHOCTYwp3n34fel4a31ORXy4m1Xq0Gyqpb5m33qIg=="
    },
    "node_modules/pp-collection": {
      "version": "1.0.0",
      "resolved": "https://registry.npmjs.org/pp-collection/-/pp-collection-1.0.0.tgz",
      "integrity": "sha512-B4AX2u6LQhfIzRJdAgylEAUUlE5qRZ20P6DWi9OWbobM4wl9tL34ijAvq1BaOyET+V9w7FM5yPjpipdPov4n+Q==",
      "dependencies": {
        "pp-model.js": "^1.0.3"
      }
    },
    "node_modules/pp-drawer.js": {
      "version": "1.0.6",
      "resolved": "https://registry.npmjs.org/pp-drawer.js/-/pp-drawer.js-1.0.6.tgz",
      "integrity": "sha512-vAtxHegOVrJYGyqkz4uVsTdrn9/CODZeLZ2/Q4fWSwuLdsvb9Y9HWYIIlpV642sNEKNtOJdQzCwOtnu4XMiGqQ=="
    },
    "node_modules/pp-elementjson.js": {
      "version": "1.0.3",
      "resolved": "https://registry.npmjs.org/pp-elementjson.js/-/pp-elementjson.js-1.0.3.tgz",
      "integrity": "sha512-nwMwqIvSNbQdedlo02JPgeRTCiFDeHeHX0X8c6RVABybLJr3Y3QfROxxhvrRweAZXDw9J7dVCHO4Ew/z+0Polw=="
    },
    "node_modules/pp-events": {
      "version": "1.0.9",
      "resolved": "https://registry.npmjs.org/pp-events/-/pp-events-1.0.9.tgz",
      "integrity": "sha512-QTossMgyAhP68tjPlyL4Kp/pCCuHRN1vw0Vj8qi/CI6wuepKgYrVYH6ZgV2KOBi4S0cFLUB4Z3h+dVNdkxKy3A=="
    },
    "node_modules/pp-is": {
      "version": "1.0.0",
      "resolved": "https://registry.npmjs.org/pp-is/-/pp-is-1.0.0.tgz",
      "integrity": "sha512-/PqJKTHXw1MCBfHdtZgYhr90yRS9kH4+JqZut3OK6VG45sdFGfcoOsNYIqrBL6On2+yIFSABgNOSPzjTnsdVIA=="
    },
    "node_modules/pp-model.js": {
      "version": "1.0.9",
      "resolved": "https://registry.npmjs.org/pp-model.js/-/pp-model.js-1.0.9.tgz",
      "integrity": "sha512-gJN7ucvanYZyyG/TyRqA4/PjEqsuMBUvGIh894UaFcovDFh8mHU4nHivmvScnOAdk/sbK0xbh8D7an5DTxQRMg==",
      "dependencies": {
        "pp-events": "^1.0.8"
      }
    },
    "node_modules/pp-router.js": {
      "version": "2.1.2",
      "resolved": "https://registry.npmjs.org/pp-router.js/-/pp-router.js-2.1.2.tgz",
      "integrity": "sha512-0nHOrV3jDBPKzhkNN9AL+3vhHdO93mJDNs8GR/sihO/DwzrnG1GK0zaPl27tFVbdhX8FpTQH+IGjFYr4fSnykA=="
    },
    "node_modules/select": {
      "version": "1.1.2",
      "resolved": "https://registry.npmjs.org/select/-/select-1.1.2.tgz",
      "integrity": "sha1-DnNQrN7ICxEIUoeG7B1EGNEbOW0="
    },
    "node_modules/tiny-emitter": {
      "version": "2.1.0",
      "resolved": "https://registry.npmjs.org/tiny-emitter/-/tiny-emitter-2.1.0.tgz",
      "integrity": "sha512-NB6Dk1A9xgQPMoGqC5CVXn123gWyte215ONT5Pp5a0yt4nlEoO1ZWeCwpncaekPHXO60i47ihFnZPiRPjRMq4Q=="
    }
  },
  "dependencies": {
    "animate.css": {
      "version": "4.1.1",
      "resolved": "https://registry.npmjs.org/animate.css/-/animate.css-4.1.1.tgz",
      "integrity": "sha512-+mRmCTv6SbCmtYJCN4faJMNFVNN5EuCTTprDTAo7YzIGji2KADmakjVA3+8mVDkZ2Bf09vayB35lSQIex2+QaQ=="
    },
    "clipboard": {
      "version": "2.0.8",
      "resolved": "https://registry.npmjs.org/clipboard/-/clipboard-2.0.8.tgz",
      "integrity": "sha512-Y6WO0unAIQp5bLmk1zdThRhgJt/x3ks6f30s3oE3H1mgIEU33XyQjEf8gsf6DxC7NPX8Y1SsNWjUjL/ywLnnbQ==",
      "requires": {
        "good-listener": "^1.2.2",
        "select": "^1.1.2",
        "tiny-emitter": "^2.0.0"
      }
    },
    "delegate": {
      "version": "3.2.0",
      "resolved": "https://registry.npmjs.org/delegate/-/delegate-3.2.0.tgz",
      "integrity": "sha512-IofjkYBZaZivn0V8nnsMJGBr4jVLxHDheKSW88PyxS5QC4Vo9ZbZVvhzlSxY87fVq3STR6r+4cGepyHkcWOQSw=="
    },
    "good-listener": {
      "version": "1.2.2",
      "resolved": "https://registry.npmjs.org/good-listener/-/good-listener-1.2.2.tgz",
      "integrity": "sha1-1TswzfkxPf+33JoNR3CWqm0UXFA=",
      "requires": {
        "delegate": "^3.1.2"
      }
    },
    "normalize.css": {
      "version": "8.0.1",
      "resolved": "https://registry.npmjs.org/normalize.css/-/normalize.css-8.0.1.tgz",
      "integrity": "sha512-qizSNPO93t1YUuUhP22btGOo3chcvDFqFaj2TRybP0DMxkHOCTYwp3n34fel4a31ORXy4m1Xq0Gyqpb5m33qIg=="
    },
    "pp-collection": {
      "version": "1.0.0",
      "resolved": "https://registry.npmjs.org/pp-collection/-/pp-collection-1.0.0.tgz",
      "integrity": "sha512-B4AX2u6LQhfIzRJdAgylEAUUlE5qRZ20P6DWi9OWbobM4wl9tL34ijAvq1BaOyET+V9w7FM5yPjpipdPov4n+Q==",
      "requires": {
        "pp-model.js": "^1.0.3"
      }
    },
    "pp-drawer.js": {
      "version": "1.0.6",
      "resolved": "https://registry.npmjs.org/pp-drawer.js/-/pp-drawer.js-1.0.6.tgz",
      "integrity": "sha512-vAtxHegOVrJYGyqkz4uVsTdrn9/CODZeLZ2/Q4fWSwuLdsvb9Y9HWYIIlpV642sNEKNtOJdQzCwOtnu4XMiGqQ=="
    },
    "pp-elementjson.js": {
      "version": "1.0.3",
      "resolved": "https://registry.npmjs.org/pp-elementjson.js/-/pp-elementjson.js-1.0.3.tgz",
      "integrity": "sha512-nwMwqIvSNbQdedlo02JPgeRTCiFDeHeHX0X8c6RVABybLJr3Y3QfROxxhvrRweAZXDw9J7dVCHO4Ew/z+0Polw=="
    },
    "pp-events": {
      "version": "1.0.9",
      "resolved": "https://registry.npmjs.org/pp-events/-/pp-events-1.0.9.tgz",
      "integrity": "sha512-QTossMgyAhP68tjPlyL4Kp/pCCuHRN1vw0Vj8qi/CI6wuepKgYrVYH6ZgV2KOBi4S0cFLUB4Z3h+dVNdkxKy3A=="
    },
    "pp-is": {
      "version": "1.0.0",
      "resolved": "https://registry.npmjs.org/pp-is/-/pp-is-1.0.0.tgz",
      "integrity": "sha512-/PqJKTHXw1MCBfHdtZgYhr90yRS9kH4+JqZut3OK6VG45sdFGfcoOsNYIqrBL6On2+yIFSABgNOSPzjTnsdVIA=="
    },
    "pp-model.js": {
      "version": "1.0.9",
      "resolved": "https://registry.npmjs.org/pp-model.js/-/pp-model.js-1.0.9.tgz",
      "integrity": "sha512-gJN7ucvanYZyyG/TyRqA4/PjEqsuMBUvGIh894UaFcovDFh8mHU4nHivmvScnOAdk/sbK0xbh8D7an5DTxQRMg==",
      "requires": {
        "pp-events": "^1.0.8"
      }
    },
    "pp-router.js": {
      "version": "2.1.2",
      "resolved": "https://registry.npmjs.org/pp-router.js/-/pp-router.js-2.1.2.tgz",
      "integrity": "sha512-0nHOrV3jDBPKzhkNN9AL+3vhHdO93mJDNs8GR/sihO/DwzrnG1GK0zaPl27tFVbdhX8FpTQH+IGjFYr4fSnykA=="
    },
    "select": {
      "version": "1.1.2",
      "resolved": "https://registry.npmjs.org/select/-/select-1.1.2.tgz",
      "integrity": "sha1-DnNQrN7ICxEIUoeG7B1EGNEbOW0="
    },
    "tiny-emitter": {
      "version": "2.1.0",
      "resolved": "https://registry.npmjs.org/tiny-emitter/-/tiny-emitter-2.1.0.tgz",
      "integrity": "sha512-NB6Dk1A9xgQPMoGqC5CVXn123gWyte215ONT5Pp5a0yt4nlEoO1ZWeCwpncaekPHXO60i47ihFnZPiRPjRMq4Q=="
    }
  }
}
